
Microsoft Visual Studio Solution File, Format Version 11.00
# Visual Studio 2010
Project("{FAE04EC0-301F-11D3-BF4B-00C04F79EFBC}") = "Sweetspot", "Sweetspot\Sweetspot\Sweetspot.csproj", "{EB7AC15E-59BE-40E4-BAA2-517BFA788062}"
EndProject
Project("{FAE04EC0-301F-11D3-BF4B-00C04F79EFBC}") = "Data", "Sweetspot\SweetspotContent\Data.contentproj", "{6B378293-700E-49A6-86F0-11D878458BFC}"
EndProject
Global
	GlobalSection(SolutionConfigurationPlatforms) = preSolution
		Debug|x86 = Debug|x86
		Release|x86 = Release|x86
	EndGlobalSection
	GlobalSection(ProjectConfigurationPlatforms) = postSolution
		{EB7AC15E-59BE-40E4-BAA2-517BFA788062}.Debug|x86.ActiveCfg = Release|x86
		{EB7AC15E-59BE-40E4-BAA2-517BFA788062}.Debug|x86.Build.0 = Release|x86
		{EB7AC15E-59BE-40E4-BAA2-517BFA788062}.Release|x86.ActiveCfg = Release|x86
		{EB7AC15E-59BE-40E4-BAA2-517BFA788062}.Release|x86.Build.0 = Release|x86
		{6B378293-700E-49A6-86F0-11D878458BFC}.Debug|x86.ActiveCfg = Debug|x86
		{6B378293-700E-49A6-86F0-11D878458BFC}.Release|x86.ActiveCfg = Release|x86
	EndGlobalSection
	GlobalSection(SolutionProperties) = preSolution
		HideSolutionNode = FALSE
	EndGlobalSection
EndGlobal
